
Microsoft Visual Studio Solution File, Format Version 12.00
# Visual Studio Version 16
VisualStudioVersion = 16.0.30907.101
MinimumVisualStudioVersion = 10.0.40219.1
Project("{FAE04EC0-301F-11D3-BF4B-00C04F79EFBC}") = "WorkAssistantFV", "WorkAssistantFV\WorkAssistantFV.csproj", "{1BA24247-4A4A-4968-B569-DE9FE2D5F95F}"
EndProject
Project("{FAE04EC0-301F-11D3-BF4B-00C04F79EFBC}") = "Testing", "Testing\Testing.csproj", "{34F9F7A1-12FC-4326-B9C5-9E62B879C73B}"
EndProject
Global
	GlobalSection(SolutionConfigurationPlatforms) = preSolution
		Debug|Any CPU = Debug|Any CPU
		Release|Any CPU = Release|Any CPU
	EndGlobalSection
	GlobalSection(ProjectConfigurationPlatforms) = postSolution
		{1BA24247-4A4A-4968-B569-DE9FE2D5F95F}.Debug|Any CPU.ActiveCfg = Debug|Any CPU
		{1BA24247-4A4A-4968-B569-DE9FE2D5F95F}.Debug|Any CPU.Build.0 = Debug|Any CPU
		{1BA24247-4A4A-4968-B569-DE9FE2D5F95F}.Release|Any CPU.ActiveCfg = Release|Any CPU
		{1BA24247-4A4A-4968-B569-DE9FE2D5F95F}.Release|Any CPU.Build.0 = Release|Any CPU
		{34F9F7A1-12FC-4326-B9C5-9E62B879C73B}.Debug|Any CPU.ActiveCfg = Debug|Any CPU
		{34F9F7A1-12FC-4326-B9C5-9E62B879C73B}.Debug|Any CPU.Build.0 = Debug|Any CPU
		{34F9F7A1-12FC-4326-B9C5-9E62B879C73B}.Release|Any CPU.ActiveCfg = Release|Any CPU
		{34F9F7A1-12FC-4326-B9C5-9E62B879C73B}.Release|Any CPU.Build.0 = Release|Any CPU
	EndGlobalSection
	GlobalSection(SolutionProperties) = preSolution
		HideSolutionNode = FALSE
	EndGlobalSection
	GlobalSection(ExtensibilityGlobals) = postSolution
		SolutionGuid = {04E78696-C66F-457B-80DB-09A0044670C8}
	EndGlobalSection
EndGlobal
